Microsoft Visual Studio Solution File, Format Version 11.00
# Visual Studio 2008

Project("{DFC21A5C-F575-0CEF-9FCE-B4FB25BC99F1}") = "BoxEd", "Assembly-CSharp.csproj", "{026BC34D-157C-A695-7B61-7573CA3A9DD8}"
EndProject
Global
	GlobalSection(SolutionConfigurationPlatforms) = preSolution
		Debug|Any CPU = Debug|Any CPU
		Release|Any CPU = Release|Any CPU
	EndGlobalSection
	GlobalSection(ProjectConfigurationPlatforms) = postSolution
		{026BC34D-157C-A695-7B61-7573CA3A9DD8}.Debug|Any CPU.ActiveCfg = Debug|Any CPU
		{026BC34D-157C-A695-7B61-7573CA3A9DD8}.Debug|Any CPU.Build.0 = Debug|Any CPU
		{026BC34D-157C-A695-7B61-7573CA3A9DD8}.Release|Any CPU.ActiveCfg = Release|Any CPU
		{026BC34D-157C-A695-7B61-7573CA3A9DD8}.Release|Any CPU.Build.0 = Release|Any CPU
	EndGlobalSection
	GlobalSection(SolutionProperties) = preSolution
		HideSolutionNode = FALSE
	EndGlobalSection
		GlobalSection(MonoDevelopProperties) = preSolution
		StartupItem = Assembly-CSharp.csproj
		Policies = $0
		$0.TextStylePolicy = $1
		$1.inheritsSet = null
		$1.scope = text/x-csharp
		$0.CSharpFormattingPolicy = $2
		$2.inheritsSet = Mono
		$2.inheritsScope = text/x-csharp
		$2.scope = text/x-csharp
		$0.TextStylePolicy = $3
		$3.FileWidth = 120
		$3.TabWidth = 4
		$3.EolMarker = Unix
		$3.inheritsSet = Mono
		$3.inheritsScope = text/plain
		$3.scope = text/plain
	EndGlobalSection

EndGlobal
